// !$*UTF8*$!
{
	archiveVersion = 1;
	classes = {
	};
	objectVersion = 50;
	objects = {

/* Begin PBXBuildFile section */
		DB38DADD2437C328007711C0 /* AboutController.swift in Sources */ = {isa = PBXBuildFile; fileRef = DB38DADC2437C328007711C0 /* AboutController.swift */; };
		DB7571D624356B9000AEB822 /* HighController.swift in Sources */ = {isa = PBXBuildFile; fileRef = DB7571D524356B9000AEB822 /* HighController.swift */; };
		DBE2336F242C00BF00400707 /* AppDelegate.swift in Sources */ = {isa = PBXBuildFile; fileRef = DBE2336E242C00BF00400707 /* AppDelegate.swift */; };
		DBE23371242C00BF00400707 /* SceneDelegate.swift in Sources */ = {isa = PBXBuildFile; fileRef = DBE23370242C00BF00400707 /* SceneDelegate.swift */; };
		DBE23373242C00BF00400707 /* ViewController.swift in Sources */ = {isa = PBXBuildFile; fileRef = DBE23372242C00BF00400707 /* ViewController.swift */; };
		DBE23376242C00BF00400707 /* Main.storyboard in Resources */ = {isa = PBXBuildFile; fileRef = DBE23374242C00BF00400707 /* Main.storyboard */; };
		DBE23378242C00C800400707 /* Assets.xcassets in Resources */ = {isa = PBXBuildFile; fileRef = DBE23377242C00C800400707 /* Assets.xcassets */; };
		DBE2337B242C00C800400707 /* LaunchScreen.storyboard in Resources */ = {isa = PBXBuildFile; fileRef = DBE23379242C00C800400707 /* LaunchScreen.storyboard */; };
		DBE23383242C172900400707 /* model.swift in Sources */ = {isa = PBXBuildFile; fileRef = DBE23382242C172900400707 /* model.swift */; };
/* End PBXBuildFile section */

/* Begin PBXFileReference section */
		DB38DADC2437C328007711C0 /* AboutController.swift */ = {isa = PBXFileReference; lastKnownFileType = sourcecode.swift; path = AboutController.swift; sourceTree = "<group>"; };
		DB7571D524356B9000AEB822 /* HighController.swift */ = {isa = PBXFileReference; lastKnownFileType = sourcecode.swift; path = HighController.swift; sourceTree = "<group>"; };
		DBE2336B242C00BF00400707 /* assign3.app */ = {isa = PBXFileReference; explicitFileType = wrapper.application; includeInIndex = 0; path = assign3.app; sourceTree = BUILT_PRODUCTS_DIR; };
		DBE2336E242C00BF00400707 /* AppDelegate.swift */ = {isa = PBXFileReference; lastKnownFileType = sourcecode.swift; path = AppDelegate.swift; sourceTree = "<group>"; };
		DBE23370242C00BF00400707 /* SceneDelegate.swift */ = {isa = PBXFileReference; lastKnownFileType = sourcecode.swift; path = SceneDelegate.swift; sourceTree = "<group>"; };
		DBE23372242C00BF00400707 /* ViewController.swift */ = {isa = PBXFileReference; lastKnownFileType = sourcecode.swift; path = ViewController.swift; sourceTree = "<group>"; };
		DBE23375242C00BF00400707 /* Base */ = {isa = PBXFileReference; lastKnownFileType = file.storyboard; name = Base; path = Base.lproj/Main.storyboard; sourceTree = "<group>"; };
		DBE23377242C00C800400707 /* Assets.xcassets */ = {isa = PBXFileReference; lastKnownFileType = folder.assetcatalog; path = Assets.xcassets; sourceTree = "<group>"; };
		DBE2337A242C00C800400707 /* Base */ = {isa = PBXFileReference; lastKnownFileType = file.storyboard; name = Base; path = Base.lproj/LaunchScreen.storyboard; sourceTree = "<group>"; };
		DBE2337C242C00C800400707 /* Info.plist */ = {isa = PBXFileReference; lastKnownFileType = text.plist.xml; path = Info.plist; sourceTree = "<group>"; };
		DBE23382242C172900400707 /* model.swift */ = {isa = PBXFileReference; lastKnownFileType = sourcecode.swift; path = model.swift; sourceTree = "<group>"; };
/* End PBXFileReference section */

/* Begin PBXFrameworksBuildPhase section */
		DBE23368242C00BF00400707 /* Frameworks */ = {
			isa = PBXFrameworksBuildPhase;
			buildActionMask = 2147483647;
			files = (
			);
			runOnlyForDeploymentPostprocessing = 0;
		};
/* End PBXFrameworksBuildPhase section */

/* Begin PBXGroup section */
		DBE23362242C00BF00400707 = {
			isa = PBXGroup;
			children = (
				DBE2336D242C00BF00400707 /* assign3 */,
				DBE2336C242C00BF00400707 /* Products */,
			);
			sourceTree = "<group>";
		};
		DBE2336C242C00BF00400707 /* Products */ = {
			isa = PBXGroup;
			children = (
				DBE2336B242C00BF00400707 /* assign3.app */,
			);
			name = Products;
			sourceTree = "<group>";
		};
		DBE2336D242C00BF00400707 /* assign3 */ = {
			isa = PBXGroup;
			children = (
				DBE2336E242C00BF00400707 /* AppDelegate.swift */,
				DBE23370242C00BF00400707 /* SceneDelegate.swift */,
				DBE23372242C00BF00400707 /* ViewController.swift */,
				DB38DADC2437C328007711C0 /* AboutController.swift */,
				DB7571D524356B9000AEB822 /* HighController.swift */,
				DBE23374242C00BF00400707 /* Main.storyboard */,
				DBE23382242C172900400707 /* model.swift */,
				DBE23377242C00C800400707 /* Assets.xcassets */,
				DBE23379242C00C800400707 /* LaunchScreen.storyboard */,
				DBE2337C242C00C800400707 /* Info.plist */,
			);
			path = assign3;
			sourceTree = "<group>";
		};
/* End PBXGroup section */

/* Begin PBXNativeTarget section */
		DBE2336A242C00BF00400707 /* assign3 */ = {
			isa = PBXNativeTarget;
			buildConfigurationList = DBE2337F242C00C800400707 /* Build configuration list for PBXNativeTarget "assign3" */;
			buildPhases = (
				DBE23367242C00BF00400707 /* Sources */,
				DBE23368242C00BF00400707 /* Frameworks */,
				DBE23369242C00BF00400707 /* Resources */,
			);
			buildRules = (
			);
			dependencies = (
			);
			name = assign3;
			productName = assign3;
			productReference = DBE2336B242C00BF00400707 /* assign3.app */;
			productType = "com.apple.product-type.application";
		};
/* End PBXNativeTarget section */

/* Begin PBXProject section */
		DBE23363242C00BF00400707 /* Project object */ = {
			isa = PBXProject;
			attributes = {
				LastSwiftUpdateCheck = 1140;
				LastUpgradeCheck = 1140;
				ORGANIZATIONNAME = "Kevin Nogales";
				TargetAttributes = {
					DBE2336A242C00BF00400707 = {
						CreatedOnToolsVersion = 11.4;
					};
				};
			};
			buildConfigurationList = DBE23366242C00BF00400707 /* Build configuration list for PBXProject "assign3" */;
			compatibilityVersion = "Xcode 9.3";
			developmentRegion = en;
			hasScannedForEncodings = 0;
			knownRegions = (
				en,
				Base,
			);
			mainGroup = DBE23362242C00BF00400707;
			productRefGroup = DBE2336C242C00BF00400707 /* Products */;
			projectDirPath = "";
			projectRoot = "";
			targets = (
				DBE2336A242C00BF00400707 /* assign3 */,
			);
		};
/* End PBXProject section */

/* Begin PBXResourcesBuildPhase section */
		DBE23369242C00BF00400707 /* Resources */ = {
			isa = PBXResourcesBuildPhase;
			buildActionMask = 2147483647;
			files = (
				DBE2337B242C00C800400707 /* LaunchScreen.storyboard in Resources */,
				DBE23378242C00C800400707 /* Assets.xcassets in Resources */,
				DBE23376242C00BF00400707 /* Main.storyboard in Resources */,
			);
			runOnlyForDeploymentPostprocessing = 0;
		};
/* End PBXResourcesBuildPhase section */

/* Begin PBXSourcesBuildPhase section */
		DBE23367242C00BF00400707 /* Sources */ = {
			isa = PBXSourcesBuildPhase;
			buildActionMask = 2147483647;
			files = (
				DBE23373242C00BF00400707 /* ViewController.swift in Sources */,
				DBE2336F242C00BF00400707 /* AppDelegate.swift in Sources */,
				DBE23371242C00BF00400707 /* SceneDelegate.swift in Sources */,
				DB7571D624356B9000AEB822 /* HighController.swift in Sources */,
				DBE23383242C172900400707 /* model.swift in Sources */,
				DB38DADD2437C328007711C0 /* AboutController.swift in Sources */,
			);
			runOnlyForDeploymentPostprocessing = 0;
		};
/* End PBXSourcesBuildPhase section */

/* Begin PBXVariantGroup section */
		DBE23374242C00BF00400707 /* Main.storyboard */ = {
			isa = PBXVariantGroup;
			children = (
				DBE23375242C00BF00400707 /* Base */,
			);
			name = Main.storyboard;
			sourceTree = "<group>";
		};
		DBE23379242C00C800400707 /* LaunchScreen.storyboard */ = {
			isa = PBXVariantGroup;
			children = (
				DBE2337A242C00C800400707 /* Base */,
			);
			name = LaunchScreen.storyboard;
			sourceTree = "<group>";
		};
/* End PBXVariantGroup section */

/* Begin XCBuildConfiguration section */
		DBE2337D242C00C800400707 /* Debug */ = {
			isa = XCBuildConfiguration;
			buildSettings = {
				ALWAYS_SEARCH_USER_PATHS = NO;
				CLANG_ANALYZER_NONNULL = YES;
				CLANG_ANALYZER_NUMBER_OBJECT_CONVERSION = YES_AGGRESSIVE;
				CLANG_CXX_LANGUAGE_STANDARD = "gnu++14";
				CLANG_CXX_LIBRARY = "libc++";
				CLANG_ENABLE_MODULES = YES;
				CLANG_ENABLE_OBJC_ARC = YES;
				CLANG_ENABLE_OBJC_WEAK = YES;
				CLANG_WARN_BLOCK_CAPTURE_AUTORELEASING = YES;
				CLANG_WARN_BOOL_CONVERSION = YES;
				CLANG_WARN_COMMA = YES;
				CLANG_WARN_CONSTANT_CONVERSION = YES;
				CLANG_WARN_DEPRECATED_OBJC_IMPLEMENTATIONS = YES;
				CLANG_WARN_DIRECT_OBJC_ISA_USAGE = YES_ERROR;
				CLANG_WARN_DOCUMENTATION_COMMENTS = YES;
				CLANG_WARN_EMPTY_BODY = YES;
				CLANG_WARN_ENUM_CONVERSION = YES;
				CLANG_WARN_INFINITE_RECURSION = YES;
				CLANG_WARN_INT_CONVERSION = YES;
				CLANG_WARN_NON_LITERAL_NULL_CONVERSION = YES;
				CLANG_WARN_OBJC_IMPLICIT_RETAIN_SELF = YES;
				CLANG_WARN_OBJC_LITERAL_CONVERSION = YES;
				CLANG_WARN_OBJC_ROOT_CLASS = YES_ERROR;
				CLANG_WARN_RANGE_LOOP_ANALYSIS = YES;
				CLANG_WARN_STRICT_PROTOTYPES = YES;
				CLANG_WARN_SUSPICIOUS_MOVE = YES;
				CLANG_WARN_UNGUARDED_AVAILABILITY = YES_AGGRESSIVE;
				CLANG_WARN_UNREACHABLE_CODE = YES;
				CLANG_WARN__DUPLICATE_METHOD_MATCH = YES;
				COPY_PHASE_STRIP = NO;
				DEBUG_INFORMATION_FORMAT = dwarf;
				ENABLE_STRICT_OBJC_MSGSEND = YES;
				ENABLE_TESTABILITY = YES;
				GCC_C_LANGUAGE_STANDARD = gnu11;
				GCC_DYNAMIC_NO_PIC = NO;
				GCC_NO_COMMON_BLOCKS = YES;
				GCC_OPTIMIZATION_LEVEL = 0;
				GCC_PREPROCESSOR_DEFINITIONS = (
					"DEBUG=1",
					"$(inherited)",
				);
				GCC_WARN_64_TO_32_BIT_CONVERSION = YES;
				GCC_WARN_ABOUT_RETURN_TYPE = YES_ERROR;
				GCC_WARN_UNDECLARED_SELECTOR = YES;
				GCC_WARN_UNINITIALIZED_AUTOS = YES_AGGRESSIVE;
				GCC_WARN_UNUSED_FUNCTION = YES;
				GCC_WARN_UNUSED_VARIABLE = YES;
				IPHONEOS_DEPLOYMENT_TARGET = 13.4;
				MTL_ENABLE_DEBUG_INFO = INCLUDE_SOURCE;
				MTL_FAST_MATH = YES;
				ONLY_ACTIVE_ARCH = YES;
				SDKROOT = iphoneos;
				SWIFT_ACTIVE_COMPILATION_CONDITIONS = DEBUG;
				SWIFT_OPTIMIZATION_LEVEL = "-Onone";
			};
			name = Debug;
		};
		DBE2337E242C00C800400707 /* Release */ = {
			isa = XCBuildConfiguration;
			buildSettings = {
				ALWAYS_SEARCH_USER_PATHS = NO;
				CLANG_ANALYZER_NONNULL = YES;
				CLANG_ANALYZER_NUMBER_OBJECT_CONVERSION = YES_AGGRESSIVE;
				CLANG_CXX_LANGUAGE_STANDARD = "gnu++14";
				CLANG_CXX_LIBRARY = "libc++";
				CLANG_ENABLE_MODULES = YES;
				CLANG_ENABLE_OBJC_ARC = YES;
				CLANG_ENABLE_OBJC_WEAK = YES;
				CLANG_WARN_BLOCK_CAPTURE_AUTORELEASING = YES;
				CLANG_WARN_BOOL_CONVERSION = YES;
				CLANG_WARN_COMMA = YES;
				CLANG_WARN_CONSTANT_CONVERSION = YES;
				CLANG_WARN_DEPRECATED_OBJC_IMPLEMENTATIONS = YES;
				CLANG_WARN_DIRECT_OBJC_ISA_USAGE = YES_ERROR;
				CLANG_WARN_DOCUMENTATION_COMMENTS = YES;
				CLANG_WARN_EMPTY_BODY = YES;
				CLANG_WARN_ENUM_CONVERSION = YES;
				CLANG_WARN_INFINITE_RECURSION = YES;
				CLANG_WARN_INT_CONVERSION = YES;
				CLANG_WARN_NON_LITERAL_NULL_CONVERSION = YES;
				CLANG_WARN_OBJC_IMPLICIT_RETAIN_SELF = YES;
				CLANG_WARN_OBJC_LITERAL_CONVERSION = YES;
				CLANG_WARN_OBJC_ROOT_CLASS = YES_ERROR;
				CLANG_WARN_RANGE_LOOP_ANALYSIS = YES;
				CLANG_WARN_STRICT_PROTOTYPES = YES;
				CLANG_WARN_SUSPICIOUS_MOVE = YES;
				CLANG_WARN_UNGUARDED_AVAILABILITY = YES_AGGRESSIVE;
				CLANG_WARN_UNREACHABLE_CODE = YES;
				CLANG_WARN__DUPLICATE_METHOD_MATCH = YES;
				COPY_PHASE_STRIP = NO;
				DEBUG_INFORMATION_FORMAT = "dwarf-with-dsym";
				ENABLE_NS_ASSERTIONS = NO;
				ENABLE_STRICT_OBJC_MSGSEND = YES;
				GCC_C_LANGUAGE_STANDARD = gnu11;
				GCC_NO_COMMON_BLOCKS = YES;
				GCC_WARN_64_TO_32_BIT_CONVERSION = YES;
				GCC_WARN_ABOUT_RETURN_TYPE = YES_ERROR;
				GCC_WARN_UNDECLARED_SELECTOR = YES;
				GCC_WARN_UNINITIALIZED_AUTOS = YES_AGGRESSIVE;
				GCC_WARN_UNUSED_FUNCTION = YES;
				GCC_WARN_UNUSED_VARIABLE = YES;
				IPHONEOS_DEPLOYMENT_TARGET = 13.4;
				MTL_ENABLE_DEBUG_INFO = NO;
				MTL_FAST_MATH = YES;
				SDKROOT = iphoneos;
				SWIFT_COMPILATION_MODE = wholemodule;
				SWIFT_OPTIMIZATION_LEVEL = "-O";
				VALIDATE_PRODUCT = YES;
			};
			name = Release;
		};
		DBE23380242C00C800400707 /* Debug */ = {
			isa = XCBuildConfiguration;
			buildSettings = {
				ASSETCATALOG_COMPILER_APPICON_NAME = AppIcon;
				CODE_SIGN_STYLE = Automatic;
				DEVELOPMENT_TEAM = NMMX6GD3J7;
				INFOPLIST_FILE = assign3/Info.plist;
				LD_RUNPATH_SEARCH_PATHS = (
					"$(inherited)",
					"@executable_path/Frameworks",
				);
				PRODUCT_BUNDLE_IDENTIFIER = kevin.nogales.project.2018.assign3;
				PRODUCT_NAME = "$(TARGET_NAME)";
				SWIFT_VERSION = 5.0;
				TARGETED_DEVICE_FAMILY = "1,2";
			};
			name = Debug;
		};
		DBE23381242C00C800400707 /* Release */ = {
			isa = XCBuildConfiguration;
			buildSettings = {
				ASSETCATALOG_COMPILER_APPICON_NAME = AppIcon;
				CODE_SIGN_STYLE = Automatic;
				DEVELOPMENT_TEAM = NMMX6GD3J7;
				INFOPLIST_FILE = assign3/Info.plist;
				LD_RUNPATH_SEARCH_PATHS = (
					"$(inherited)",
					"@executable_path/Frameworks",
				);
				PRODUCT_BUNDLE_IDENTIFIER = kevin.nogales.project.2018.assign3;
				PRODUCT_NAME = "$(TARGET_NAME)";
				SWIFT_VERSION = 5.0;
				TARGETED_DEVICE_FAMILY = "1,2";
			};
			name = Release;
		};
/* End XCBuildConfiguration section */

/* Begin XCConfigurationList section */
		DBE23366242C00BF00400707 /* Build configuration list for PBXProject "assign3" */ = {
			isa = XCConfigurationList;
			buildConfigurations = (
				DBE2337D242C00C800400707 /* Debug */,
				DBE2337E242C00C800400707 /* Release */,
			);
			defaultConfigurationIsVisible = 0;
			defaultConfigurationName = Release;
		};
		DBE2337F242C00C800400707 /* Build configuration list for PBXNativeTarget "assign3" */ = {
			isa = XCConfigurationList;
			buildConfigurations = (
				DBE23380242C00C800400707 /* Debug */,
				DBE23381242C00C800400707 /* Release */,
			);
			defaultConfigurationIsVisible = 0;
			defaultConfigurationName = Release;
		};
/* End XCConfigurationList section */
	};
	rootObject = DBE23363242C00BF00400707 /* Project object */;
}
